
Microsoft Visual Studio Solution File, Format Version 12.00
# Visual Studio Version 17
VisualStudioVersion = 17.14.36705.20
MinimumVisualStudioVersion = 10.0.40219.1
Project("{FAE04EC0-301F-11D3-BF4B-00C04F79EFBC}") = "QLNhaHang", "QLNhaHang.csproj", "{6A7F2122-E681-46C0-9524-EADF3722E9FB}"
EndProject
Project("{FAE04EC0-301F-11D3-BF4B-00C04F79EFBC}") = "NhaHangDAL", "..\NhaHangDAL\NhaHangDAL.csproj", "{F6C47673-4A2F-4CDC-9E04-5E108C9398F5}"
EndProject
Project("{FAE04EC0-301F-11D3-BF4B-00C04F79EFBC}") = "NhaHangBUL", "..\NhaHangBUL\NhaHangBUL.csproj", "{089EE11B-33F4-4518-8FAE-1A7F68682418}"
EndProject
Global
	GlobalSection(SolutionConfigurationPlatforms) = preSolution
		Debug|Any CPU = Debug|Any CPU
		Release|Any CPU = Release|Any CPU
	EndGlobalSection
	GlobalSection(ProjectConfigurationPlatforms) = postSolution
		{6A7F2122-E681-46C0-9524-EADF3722E9FB}.Debug|Any CPU.ActiveCfg = Debug|Any CPU
		{6A7F2122-E681-46C0-9524-EADF3722E9FB}.Debug|Any CPU.Build.0 = Debug|Any CPU
		{6A7F2122-E681-46C0-9524-EADF3722E9FB}.Release|Any CPU.ActiveCfg = Release|Any CPU
		{6A7F2122-E681-46C0-9524-EADF3722E9FB}.Release|Any CPU.Build.0 = Release|Any CPU
		{F6C47673-4A2F-4CDC-9E04-5E108C9398F5}.Debug|Any CPU.ActiveCfg = Debug|Any CPU
		{F6C47673-4A2F-4CDC-9E04-5E108C9398F5}.Debug|Any CPU.Build.0 = Debug|Any CPU
		{F6C47673-4A2F-4CDC-9E04-5E108C9398F5}.Release|Any CPU.ActiveCfg = Release|Any CPU
		{F6C47673-4A2F-4CDC-9E04-5E108C9398F5}.Release|Any CPU.Build.0 = Release|Any CPU
		{089EE11B-33F4-4518-8FAE-1A7F68682418}.Debug|Any CPU.ActiveCfg = Debug|Any CPU
		{089EE11B-33F4-4518-8FAE-1A7F68682418}.Debug|Any CPU.Build.0 = Debug|Any CPU
		{089EE11B-33F4-4518-8FAE-1A7F68682418}.Release|Any CPU.ActiveCfg = Release|Any CPU
		{089EE11B-33F4-4518-8FAE-1A7F68682418}.Release|Any CPU.Build.0 = Release|Any CPU
	EndGlobalSection
	GlobalSection(SolutionProperties) = preSolution
		HideSolutionNode = FALSE
	EndGlobalSection
	GlobalSection(ExtensibilityGlobals) = postSolution
		SolutionGuid = {2EBAF787-9E28-4DD7-9E10-5E3F3E8B534F}
	EndGlobalSection
EndGlobal
